
Microsoft Visual Studio Solution File, Format Version 12.00
# Visual Studio 15
VisualStudioVersion = 15.0.28307.1585
MinimumVisualStudioVersion = 10.0.40219.1
Project("{F184B08F-C81C-45F6-A57F-5ABD9991F28F}") = "201902059_CUBRECAMAS", "201902059_CUBRECAMAS\201902059_CUBRECAMAS.vbproj", "{F11B61D2-8E0A-4BD2-B2B8-EE977C2891AB}"
EndProject
Global
	GlobalSection(SolutionConfigurationPlatforms) = preSolution
		Debug|Any CPU = Debug|Any CPU
		Release|Any CPU = Release|Any CPU
	EndGlobalSection
	GlobalSection(ProjectConfigurationPlatforms) = postSolution
		{F11B61D2-8E0A-4BD2-B2B8-EE977C2891AB}.Debug|Any CPU.ActiveCfg = Debug|Any CPU
		{F11B61D2-8E0A-4BD2-B2B8-EE977C2891AB}.Debug|Any CPU.Build.0 = Debug|Any CPU
		{F11B61D2-8E0A-4BD2-B2B8-EE977C2891AB}.Release|Any CPU.ActiveCfg = Release|Any CPU
		{F11B61D2-8E0A-4BD2-B2B8-EE977C2891AB}.Release|Any CPU.Build.0 = Release|Any CPU
	EndGlobalSection
	GlobalSection(SolutionProperties) = preSolution
		HideSolutionNode = FALSE
	EndGlobalSection
	GlobalSection(ExtensibilityGlobals) = postSolution
		SolutionGuid = {B8BACC9D-4A99-4B29-9C1D-DD8751FF9218}
	EndGlobalSection
EndGlobal
