
Microsoft Visual Studio Solution File, Format Version 12.00
# Visual Studio 15
VisualStudioVersion = 15.0.28307.1585
MinimumVisualStudioVersion = 10.0.40219.1
Project("{F184B08F-C81C-45F6-A57F-5ABD9991F28F}") = "201902059_COBROLUZ", "201902059_COBROLUZ\201902059_COBROLUZ.vbproj", "{32F7DA2A-E71C-4FD2-80DF-A567E354109C}"
EndProject
Global
	GlobalSection(SolutionConfigurationPlatforms) = preSolution
		Debug|Any CPU = Debug|Any CPU
		Release|Any CPU = Release|Any CPU
	EndGlobalSection
	GlobalSection(ProjectConfigurationPlatforms) = postSolution
		{32F7DA2A-E71C-4FD2-80DF-A567E354109C}.Debug|Any CPU.ActiveCfg = Debug|Any CPU
		{32F7DA2A-E71C-4FD2-80DF-A567E354109C}.Debug|Any CPU.Build.0 = Debug|Any CPU
		{32F7DA2A-E71C-4FD2-80DF-A567E354109C}.Release|Any CPU.ActiveCfg = Release|Any CPU
		{32F7DA2A-E71C-4FD2-80DF-A567E354109C}.Release|Any CPU.Build.0 = Release|Any CPU
	EndGlobalSection
	GlobalSection(SolutionProperties) = preSolution
		HideSolutionNode = FALSE
	EndGlobalSection
	GlobalSection(ExtensibilityGlobals) = postSolution
		SolutionGuid = {6CDFC488-2E17-4F47-BDCB-0E72ECA0681D}
	EndGlobalSection
EndGlobal
